
Microsoft Visual Studio Solution File, Format Version 12.00
# Visual Studio Version 17
VisualStudioVersion = 17.0.31903.59
MinimumVisualStudioVersion = 10.0.40219.1
Project("{FAE04EC0-301F-11D3-BF4B-00C04F79EFBC}") = "Acxess.Web", "Acxess.Web\Acxess.Web.csproj", "{4D0B6CEB-1D47-4F02-BF8E-755A797B82F9}"
EndProject
Project("{2150E333-8FDC-42A3-9474-1A3956D46DE8}") = "modules", "modules", "{CA253913-39DE-BFD0-C9A3-4B7EC6FBDF17}"
EndProject
Project("{2150E333-8FDC-42A3-9474-1A3956D46DE8}") = "shared", "shared", "{4F52FD11-658E-A102-6CD3-7D7C16FFA15B}"
EndProject
Project("{FAE04EC0-301F-11D3-BF4B-00C04F79EFBC}") = "Acxess.Identity", "modules\Acxess.Identity\Acxess.Identity.csproj", "{85165770-66AB-499B-86FD-2AAE22280754}"
EndProject
Project("{FAE04EC0-301F-11D3-BF4B-00C04F79EFBC}") = "Acxess.Shared", "shared\Acxess.Shared\Acxess.Shared.csproj", "{A15B1316-8DE7-46CD-9C09-55A2C8152ACC}"
EndProject
Project("{FAE04EC0-301F-11D3-BF4B-00C04F79EFBC}") = "Acxess.Catalog", "modules\Acxess.Catalog\Acxess.Catalog.csproj", "{DB9C6BCB-B9FD-4319-AF27-8F8DCA6673FC}"
EndProject
Project("{FAE04EC0-301F-11D3-BF4B-00C04F79EFBC}") = "Acxess.Infrastructure", "shared\Acxess.Infrastructure\Acxess.Infrastructure.csproj", "{5FF96530-9EF6-4BAD-84A5-92AB3E241257}"
EndProject
Project("{FAE04EC0-301F-11D3-BF4B-00C04F79EFBC}") = "Acxess.Membership", "modules\Acxess.Membership\Acxess.Membership.csproj", "{ECA5C89C-3DB5-4CE7-AC76-BCEB05FBE442}"
EndProject
Project("{FAE04EC0-301F-11D3-BF4B-00C04F79EFBC}") = "Acxess.Billing", "modules\Acxess.Billing\Acxess.Billing.csproj", "{EDE13137-CB12-4B33-B015-1F86468B6B5A}"
EndProject
Project("{FAE04EC0-301F-11D3-BF4B-00C04F79EFBC}") = "Acxess.Marketing", "modules\Acxess.Marketing\Acxess.Marketing.csproj", "{C41360E1-7A79-4BD8-A79A-FB1D723D3F07}"
EndProject
Project("{2150E333-8FDC-42A3-9474-1A3956D46DE8}") = "tests", "tests", "{03101E9E-5624-4E11-BA26-A6C2AD269D92}"
EndProject
Global
	GlobalSection(SolutionConfigurationPlatforms) = preSolution
		Debug|Any CPU = Debug|Any CPU
		Debug|x64 = Debug|x64
		Debug|x86 = Debug|x86
		Release|Any CPU = Release|Any CPU
		Release|x64 = Release|x64
		Release|x86 = Release|x86
	EndGlobalSection
	GlobalSection(ProjectConfigurationPlatforms) = postSolution
		{4D0B6CEB-1D47-4F02-BF8E-755A797B82F9}.Debug|Any CPU.ActiveCfg = Debug|Any CPU
		{4D0B6CEB-1D47-4F02-BF8E-755A797B82F9}.Debug|Any CPU.Build.0 = Debug|Any CPU
		{4D0B6CEB-1D47-4F02-BF8E-755A797B82F9}.Debug|x64.ActiveCfg = Debug|Any CPU
		{4D0B6CEB-1D47-4F02-BF8E-755A797B82F9}.Debug|x64.Build.0 = Debug|Any CPU
		{4D0B6CEB-1D47-4F02-BF8E-755A797B82F9}.Debug|x86.ActiveCfg = Debug|Any CPU
		{4D0B6CEB-1D47-4F02-BF8E-755A797B82F9}.Debug|x86.Build.0 = Debug|Any CPU
		{4D0B6CEB-1D47-4F02-BF8E-755A797B82F9}.Release|Any CPU.ActiveCfg = Release|Any CPU
		{4D0B6CEB-1D47-4F02-BF8E-755A797B82F9}.Release|Any CPU.Build.0 = Release|Any CPU
		{4D0B6CEB-1D47-4F02-BF8E-755A797B82F9}.Release|x64.ActiveCfg = Release|Any CPU
		{4D0B6CEB-1D47-4F02-BF8E-755A797B82F9}.Release|x64.Build.0 = Release|Any CPU
		{4D0B6CEB-1D47-4F02-BF8E-755A797B82F9}.Release|x86.ActiveCfg = Release|Any CPU
		{4D0B6CEB-1D47-4F02-BF8E-755A797B82F9}.Release|x86.Build.0 = Release|Any CPU
		{85165770-66AB-499B-86FD-2AAE22280754}.Debug|Any CPU.ActiveCfg = Debug|Any CPU
		{85165770-66AB-499B-86FD-2AAE22280754}.Debug|Any CPU.Build.0 = Debug|Any CPU
		{85165770-66AB-499B-86FD-2AAE22280754}.Debug|x64.ActiveCfg = Debug|Any CPU
		{85165770-66AB-499B-86FD-2AAE22280754}.Debug|x64.Build.0 = Debug|Any CPU
		{85165770-66AB-499B-86FD-2AAE22280754}.Debug|x86.ActiveCfg = Debug|Any CPU
		{85165770-66AB-499B-86FD-2AAE22280754}.Debug|x86.Build.0 = Debug|Any CPU
		{85165770-66AB-499B-86FD-2AAE22280754}.Release|Any CPU.ActiveCfg = Release|Any CPU
		{85165770-66AB-499B-86FD-2AAE22280754}.Release|Any CPU.Build.0 = Release|Any CPU
		{85165770-66AB-499B-86FD-2AAE22280754}.Release|x64.ActiveCfg = Release|Any CPU
		{85165770-66AB-499B-86FD-2AAE22280754}.Release|x64.Build.0 = Release|Any CPU
		{85165770-66AB-499B-86FD-2AAE22280754}.Release|x86.ActiveCfg = Release|Any CPU
		{85165770-66AB-499B-86FD-2AAE22280754}.Release|x86.Build.0 = Release|Any CPU
		{A15B1316-8DE7-46CD-9C09-55A2C8152ACC}.Debug|Any CPU.ActiveCfg = Debug|Any CPU
		{A15B1316-8DE7-46CD-9C09-55A2C8152ACC}.Debug|Any CPU.Build.0 = Debug|Any CPU
		{A15B1316-8DE7-46CD-9C09-55A2C8152ACC}.Debug|x64.ActiveCfg = Debug|Any CPU
		{A15B1316-8DE7-46CD-9C09-55A2C8152ACC}.Debug|x64.Build.0 = Debug|Any CPU
		{A15B1316-8DE7-46CD-9C09-55A2C8152ACC}.Debug|x86.ActiveCfg = Debug|Any CPU
		{A15B1316-8DE7-46CD-9C09-55A2C8152ACC}.Debug|x86.Build.0 = Debug|Any CPU
		{A15B1316-8DE7-46CD-9C09-55A2C8152ACC}.Release|Any CPU.ActiveCfg = Release|Any CPU
		{A15B1316-8DE7-46CD-9C09-55A2C8152ACC}.Release|Any CPU.Build.0 = Release|Any CPU
		{A15B1316-8DE7-46CD-9C09-55A2C8152ACC}.Release|x64.ActiveCfg = Release|Any CPU
		{A15B1316-8DE7-46CD-9C09-55A2C8152ACC}.Release|x64.Build.0 = Release|Any CPU
		{A15B1316-8DE7-46CD-9C09-55A2C8152ACC}.Release|x86.ActiveCfg = Release|Any CPU
		{A15B1316-8DE7-46CD-9C09-55A2C8152ACC}.Release|x86.Build.0 = Release|Any CPU
		{DB9C6BCB-B9FD-4319-AF27-8F8DCA6673FC}.Debug|Any CPU.ActiveCfg = Debug|Any CPU
		{DB9C6BCB-B9FD-4319-AF27-8F8DCA6673FC}.Debug|Any CPU.Build.0 = Debug|Any CPU
		{DB9C6BCB-B9FD-4319-AF27-8F8DCA6673FC}.Debug|x64.ActiveCfg = Debug|Any CPU
		{DB9C6BCB-B9FD-4319-AF27-8F8DCA6673FC}.Debug|x64.Build.0 = Debug|Any CPU
		{DB9C6BCB-B9FD-4319-AF27-8F8DCA6673FC}.Debug|x86.ActiveCfg = Debug|Any CPU
		{DB9C6BCB-B9FD-4319-AF27-8F8DCA6673FC}.Debug|x86.Build.0 = Debug|Any CPU
		{DB9C6BCB-B9FD-4319-AF27-8F8DCA6673FC}.Release|Any CPU.ActiveCfg = Release|Any CPU
		{DB9C6BCB-B9FD-4319-AF27-8F8DCA6673FC}.Release|Any CPU.Build.0 = Release|Any CPU
		{DB9C6BCB-B9FD-4319-AF27-8F8DCA6673FC}.Release|x64.ActiveCfg = Release|Any CPU
		{DB9C6BCB-B9FD-4319-AF27-8F8DCA6673FC}.Release|x64.Build.0 = Release|Any CPU
		{DB9C6BCB-B9FD-4319-AF27-8F8DCA6673FC}.Release|x86.ActiveCfg = Release|Any CPU
		{DB9C6BCB-B9FD-4319-AF27-8F8DCA6673FC}.Release|x86.Build.0 = Release|Any CPU
		{5FF96530-9EF6-4BAD-84A5-92AB3E241257}.Debug|Any CPU.ActiveCfg = Debug|Any CPU
		{5FF96530-9EF6-4BAD-84A5-92AB3E241257}.Debug|Any CPU.Build.0 = Debug|Any CPU
		{5FF96530-9EF6-4BAD-84A5-92AB3E241257}.Debug|x64.ActiveCfg = Debug|Any CPU
		{5FF96530-9EF6-4BAD-84A5-92AB3E241257}.Debug|x64.Build.0 = Debug|Any CPU
		{5FF96530-9EF6-4BAD-84A5-92AB3E241257}.Debug|x86.ActiveCfg = Debug|Any CPU
		{5FF96530-9EF6-4BAD-84A5-92AB3E241257}.Debug|x86.Build.0 = Debug|Any CPU
		{5FF96530-9EF6-4BAD-84A5-92AB3E241257}.Release|Any CPU.ActiveCfg = Release|Any CPU
		{5FF96530-9EF6-4BAD-84A5-92AB3E241257}.Release|Any CPU.Build.0 = Release|Any CPU
		{5FF96530-9EF6-4BAD-84A5-92AB3E241257}.Release|x64.ActiveCfg = Release|Any CPU
		{5FF96530-9EF6-4BAD-84A5-92AB3E241257}.Release|x64.Build.0 = Release|Any CPU
		{5FF96530-9EF6-4BAD-84A5-92AB3E241257}.Release|x86.ActiveCfg = Release|Any CPU
		{5FF96530-9EF6-4BAD-84A5-92AB3E241257}.Release|x86.Build.0 = Release|Any CPU
		{ECA5C89C-3DB5-4CE7-AC76-BCEB05FBE442}.Debug|Any CPU.ActiveCfg = Debug|Any CPU
		{ECA5C89C-3DB5-4CE7-AC76-BCEB05FBE442}.Debug|Any CPU.Build.0 = Debug|Any CPU
		{ECA5C89C-3DB5-4CE7-AC76-BCEB05FBE442}.Debug|x64.ActiveCfg = Debug|Any CPU
		{ECA5C89C-3DB5-4CE7-AC76-BCEB05FBE442}.Debug|x64.Build.0 = Debug|Any CPU
		{ECA5C89C-3DB5-4CE7-AC76-BCEB05FBE442}.Debug|x86.ActiveCfg = Debug|Any CPU
		{ECA5C89C-3DB5-4CE7-AC76-BCEB05FBE442}.Debug|x86.Build.0 = Debug|Any CPU
		{ECA5C89C-3DB5-4CE7-AC76-BCEB05FBE442}.Release|Any CPU.ActiveCfg = Release|Any CPU
		{ECA5C89C-3DB5-4CE7-AC76-BCEB05FBE442}.Release|Any CPU.Build.0 = Release|Any CPU
		{ECA5C89C-3DB5-4CE7-AC76-BCEB05FBE442}.Release|x64.ActiveCfg = Release|Any CPU
		{ECA5C89C-3DB5-4CE7-AC76-BCEB05FBE442}.Release|x64.Build.0 = Release|Any CPU
		{ECA5C89C-3DB5-4CE7-AC76-BCEB05FBE442}.Release|x86.ActiveCfg = Release|Any CPU
		{ECA5C89C-3DB5-4CE7-AC76-BCEB05FBE442}.Release|x86.Build.0 = Release|Any CPU
		{EDE13137-CB12-4B33-B015-1F86468B6B5A}.Debug|Any CPU.ActiveCfg = Debug|Any CPU
		{EDE13137-CB12-4B33-B015-1F86468B6B5A}.Debug|Any CPU.Build.0 = Debug|Any CPU
		{EDE13137-CB12-4B33-B015-1F86468B6B5A}.Debug|x64.ActiveCfg = Debug|Any CPU
		{EDE13137-CB12-4B33-B015-1F86468B6B5A}.Debug|x64.Build.0 = Debug|Any CPU
		{EDE13137-CB12-4B33-B015-1F86468B6B5A}.Debug|x86.ActiveCfg = Debug|Any CPU
		{EDE13137-CB12-4B33-B015-1F86468B6B5A}.Debug|x86.Build.0 = Debug|Any CPU
		{EDE13137-CB12-4B33-B015-1F86468B6B5A}.Release|Any CPU.ActiveCfg = Release|Any CPU
		{EDE13137-CB12-4B33-B015-1F86468B6B5A}.Release|Any CPU.Build.0 = Release|Any CPU
		{EDE13137-CB12-4B33-B015-1F86468B6B5A}.Release|x64.ActiveCfg = Release|Any CPU
		{EDE13137-CB12-4B33-B015-1F86468B6B5A}.Release|x64.Build.0 = Release|Any CPU
		{EDE13137-CB12-4B33-B015-1F86468B6B5A}.Release|x86.ActiveCfg = Release|Any CPU
		{EDE13137-CB12-4B33-B015-1F86468B6B5A}.Release|x86.Build.0 = Release|Any CPU
		{C41360E1-7A79-4BD8-A79A-FB1D723D3F07}.Debug|Any CPU.ActiveCfg = Debug|Any CPU
		{C41360E1-7A79-4BD8-A79A-FB1D723D3F07}.Debug|Any CPU.Build.0 = Debug|Any CPU
		{C41360E1-7A79-4BD8-A79A-FB1D723D3F07}.Debug|x64.ActiveCfg = Debug|Any CPU
		{C41360E1-7A79-4BD8-A79A-FB1D723D3F07}.Debug|x64.Build.0 = Debug|Any CPU
		{C41360E1-7A79-4BD8-A79A-FB1D723D3F07}.Debug|x86.ActiveCfg = Debug|Any CPU
		{C41360E1-7A79-4BD8-A79A-FB1D723D3F07}.Debug|x86.Build.0 = Debug|Any CPU
		{C41360E1-7A79-4BD8-A79A-FB1D723D3F07}.Release|Any CPU.ActiveCfg = Release|Any CPU
		{C41360E1-7A79-4BD8-A79A-FB1D723D3F07}.Release|Any CPU.Build.0 = Release|Any CPU
		{C41360E1-7A79-4BD8-A79A-FB1D723D3F07}.Release|x64.ActiveCfg = Release|Any CPU
		{C41360E1-7A79-4BD8-A79A-FB1D723D3F07}.Release|x64.Build.0 = Release|Any CPU
		{C41360E1-7A79-4BD8-A79A-FB1D723D3F07}.Release|x86.ActiveCfg = Release|Any CPU
		{C41360E1-7A79-4BD8-A79A-FB1D723D3F07}.Release|x86.Build.0 = Release|Any CPU
	EndGlobalSection
	GlobalSection(SolutionProperties) = preSolution
		HideSolutionNode = FALSE
	EndGlobalSection
	GlobalSection(NestedProjects) = preSolution
		{85165770-66AB-499B-86FD-2AAE22280754} = {CA253913-39DE-BFD0-C9A3-4B7EC6FBDF17}
		{A15B1316-8DE7-46CD-9C09-55A2C8152ACC} = {4F52FD11-658E-A102-6CD3-7D7C16FFA15B}
		{DB9C6BCB-B9FD-4319-AF27-8F8DCA6673FC} = {CA253913-39DE-BFD0-C9A3-4B7EC6FBDF17}
		{5FF96530-9EF6-4BAD-84A5-92AB3E241257} = {4F52FD11-658E-A102-6CD3-7D7C16FFA15B}
		{ECA5C89C-3DB5-4CE7-AC76-BCEB05FBE442} = {CA253913-39DE-BFD0-C9A3-4B7EC6FBDF17}
		{EDE13137-CB12-4B33-B015-1F86468B6B5A} = {CA253913-39DE-BFD0-C9A3-4B7EC6FBDF17}
		{C41360E1-7A79-4BD8-A79A-FB1D723D3F07} = {CA253913-39DE-BFD0-C9A3-4B7EC6FBDF17}
	EndGlobalSection
EndGlobal
